
Microsoft Visual Studio Solution File, Format Version 12.00
# Visual Studio Version 17
VisualStudioVersion = 17.12.35707.178
MinimumVisualStudioVersion = 10.0.40219.1
Project("{2150E333-8FDC-42A3-9474-1A3956D46DE8}") = "src", "src", "{2C6B3E06-7F6E-4146-B5B6-D1F433EADB04}"
EndProject
Project("{FAE04EC0-301F-11D3-BF4B-00C04F79EFBC}") = "IdentityUserService", "src\IdentityUserService\IdentityUserService.csproj", "{81901AD8-7821-424A-875E-CE968DCAE2A3}"
EndProject
Project("{FAE04EC0-301F-11D3-BF4B-00C04F79EFBC}") = "CommonConfigurationExtensions", "src\CommonConfigurationExtensions\CommonConfigurationExtensions.csproj", "{B9327EA5-3C74-43D8-BD82-8244F8942B48}"
EndProject
Project("{FAE04EC0-301F-11D3-BF4B-00C04F79EFBC}") = "CatalogService.API", "src\CatalogService.API\CatalogService.API.csproj", "{75FE99A8-8E38-4A09-930E-68DDA13C126A}"
EndProject
Project("{FAE04EC0-301F-11D3-BF4B-00C04F79EFBC}") = "CartService.API", "src\CartService.API\CartService.API.csproj", "{78361207-EC1E-46A4-81C2-3DA55BE81247}"
EndProject
Project("{FAE04EC0-301F-11D3-BF4B-00C04F79EFBC}") = "NotificationService.API", "src\NotificationService.API\NotificationService.API.csproj", "{6776DE8A-0A31-4526-B716-373927731FC9}"
EndProject
Project("{FAE04EC0-301F-11D3-BF4B-00C04F79EFBC}") = "SimpleRabbitEventBus", "src\SimpleRabbitEventBus\SimpleRabbitEventBus.csproj", "{4E942115-30AF-4C2F-9BC5-C1F2189032A9}"
EndProject
Global
	GlobalSection(SolutionConfigurationPlatforms) = preSolution
		Debug|Any CPU = Debug|Any CPU
		Release|Any CPU = Release|Any CPU
	EndGlobalSection
	GlobalSection(ProjectConfigurationPlatforms) = postSolution
		{81901AD8-7821-424A-875E-CE968DCAE2A3}.Debug|Any CPU.ActiveCfg = Debug|Any CPU
		{81901AD8-7821-424A-875E-CE968DCAE2A3}.Debug|Any CPU.Build.0 = Debug|Any CPU
		{81901AD8-7821-424A-875E-CE968DCAE2A3}.Release|Any CPU.ActiveCfg = Release|Any CPU
		{81901AD8-7821-424A-875E-CE968DCAE2A3}.Release|Any CPU.Build.0 = Release|Any CPU
		{B9327EA5-3C74-43D8-BD82-8244F8942B48}.Debug|Any CPU.ActiveCfg = Debug|Any CPU
		{B9327EA5-3C74-43D8-BD82-8244F8942B48}.Debug|Any CPU.Build.0 = Debug|Any CPU
		{B9327EA5-3C74-43D8-BD82-8244F8942B48}.Release|Any CPU.ActiveCfg = Release|Any CPU
		{B9327EA5-3C74-43D8-BD82-8244F8942B48}.Release|Any CPU.Build.0 = Release|Any CPU
		{75FE99A8-8E38-4A09-930E-68DDA13C126A}.Debug|Any CPU.ActiveCfg = Debug|Any CPU
		{75FE99A8-8E38-4A09-930E-68DDA13C126A}.Debug|Any CPU.Build.0 = Debug|Any CPU
		{75FE99A8-8E38-4A09-930E-68DDA13C126A}.Release|Any CPU.ActiveCfg = Release|Any CPU
		{75FE99A8-8E38-4A09-930E-68DDA13C126A}.Release|Any CPU.Build.0 = Release|Any CPU
		{78361207-EC1E-46A4-81C2-3DA55BE81247}.Debug|Any CPU.ActiveCfg = Debug|Any CPU
		{78361207-EC1E-46A4-81C2-3DA55BE81247}.Debug|Any CPU.Build.0 = Debug|Any CPU
		{78361207-EC1E-46A4-81C2-3DA55BE81247}.Release|Any CPU.ActiveCfg = Release|Any CPU
		{78361207-EC1E-46A4-81C2-3DA55BE81247}.Release|Any CPU.Build.0 = Release|Any CPU
		{6776DE8A-0A31-4526-B716-373927731FC9}.Debug|Any CPU.ActiveCfg = Debug|Any CPU
		{6776DE8A-0A31-4526-B716-373927731FC9}.Debug|Any CPU.Build.0 = Debug|Any CPU
		{6776DE8A-0A31-4526-B716-373927731FC9}.Release|Any CPU.ActiveCfg = Release|Any CPU
		{6776DE8A-0A31-4526-B716-373927731FC9}.Release|Any CPU.Build.0 = Release|Any CPU
		{4E942115-30AF-4C2F-9BC5-C1F2189032A9}.Debug|Any CPU.ActiveCfg = Debug|Any CPU
		{4E942115-30AF-4C2F-9BC5-C1F2189032A9}.Debug|Any CPU.Build.0 = Debug|Any CPU
		{4E942115-30AF-4C2F-9BC5-C1F2189032A9}.Release|Any CPU.ActiveCfg = Release|Any CPU
		{4E942115-30AF-4C2F-9BC5-C1F2189032A9}.Release|Any CPU.Build.0 = Release|Any CPU
	EndGlobalSection
	GlobalSection(SolutionProperties) = preSolution
		HideSolutionNode = FALSE
	EndGlobalSection
	GlobalSection(NestedProjects) = preSolution
		{81901AD8-7821-424A-875E-CE968DCAE2A3} = {2C6B3E06-7F6E-4146-B5B6-D1F433EADB04}
		{B9327EA5-3C74-43D8-BD82-8244F8942B48} = {2C6B3E06-7F6E-4146-B5B6-D1F433EADB04}
		{75FE99A8-8E38-4A09-930E-68DDA13C126A} = {2C6B3E06-7F6E-4146-B5B6-D1F433EADB04}
		{78361207-EC1E-46A4-81C2-3DA55BE81247} = {2C6B3E06-7F6E-4146-B5B6-D1F433EADB04}
		{6776DE8A-0A31-4526-B716-373927731FC9} = {2C6B3E06-7F6E-4146-B5B6-D1F433EADB04}
		{4E942115-30AF-4C2F-9BC5-C1F2189032A9} = {2C6B3E06-7F6E-4146-B5B6-D1F433EADB04}
	EndGlobalSection
	GlobalSection(ExtensibilityGlobals) = postSolution
		SolutionGuid = {F27BCF69-ECCE-488A-B99E-80030D93758D}
	EndGlobalSection
EndGlobal
